
Microsoft Visual Studio Solution File, Format Version 12.00
# Visual Studio Version 17
VisualStudioVersion = 17.6.33723.286
MinimumVisualStudioVersion = 10.0.40219.1
Project("{2150E333-8FDC-42A3-9474-1A3956D46DE8}") = "src", "src", "{41E1A5E5-FB41-4CCA-82AD-92FEFAA7AC01}"
EndProject
Project("{2150E333-8FDC-42A3-9474-1A3956D46DE8}") = "tests", "tests", "{5D2E003E-E20F-4B48-AE6A-F900090FF3FE}"
EndProject
Project("{FAE04EC0-301F-11D3-BF4B-00C04F79EFBC}") = "Bitfinex.App", "src\Bitfinex.App\Bitfinex.App.csproj", "{2EA80DD5-B2FE-474E-9515-4EF5DA4F1073}"
EndProject
Project("{FAE04EC0-301F-11D3-BF4B-00C04F79EFBC}") = "DiscoveryServer", "DiscoveryServer\DiscoveryServer.csproj", "{D5666CAA-3B90-40C2-B7CC-23FF08A12D59}"
EndProject
Global
	GlobalSection(SolutionConfigurationPlatforms) = preSolution
		Debug|Any CPU = Debug|Any CPU
		Release|Any CPU = Release|Any CPU
	EndGlobalSection
	GlobalSection(ProjectConfigurationPlatforms) = postSolution
		{2EA80DD5-B2FE-474E-9515-4EF5DA4F1073}.Debug|Any CPU.ActiveCfg = Debug|Any CPU
		{2EA80DD5-B2FE-474E-9515-4EF5DA4F1073}.Debug|Any CPU.Build.0 = Debug|Any CPU
		{2EA80DD5-B2FE-474E-9515-4EF5DA4F1073}.Release|Any CPU.ActiveCfg = Release|Any CPU
		{2EA80DD5-B2FE-474E-9515-4EF5DA4F1073}.Release|Any CPU.Build.0 = Release|Any CPU
		{D5666CAA-3B90-40C2-B7CC-23FF08A12D59}.Debug|Any CPU.ActiveCfg = Debug|Any CPU
		{D5666CAA-3B90-40C2-B7CC-23FF08A12D59}.Debug|Any CPU.Build.0 = Debug|Any CPU
		{D5666CAA-3B90-40C2-B7CC-23FF08A12D59}.Release|Any CPU.ActiveCfg = Release|Any CPU
		{D5666CAA-3B90-40C2-B7CC-23FF08A12D59}.Release|Any CPU.Build.0 = Release|Any CPU
	EndGlobalSection
	GlobalSection(SolutionProperties) = preSolution
		HideSolutionNode = FALSE
	EndGlobalSection
	GlobalSection(NestedProjects) = preSolution
		{2EA80DD5-B2FE-474E-9515-4EF5DA4F1073} = {41E1A5E5-FB41-4CCA-82AD-92FEFAA7AC01}
	EndGlobalSection
	GlobalSection(ExtensibilityGlobals) = postSolution
		SolutionGuid = {AEA36F66-4FF2-416B-AAA9-4DEF3F929605}
	EndGlobalSection
EndGlobal
